// !$*UTF8*$!
{
	archiveVersion = 1;
	classes = {
	};
	objectVersion = 52;
	objects = {

/* Begin PBXBuildFile section */
		8D78A9D626ABFE90006F538D /* BottomSheetController in Frameworks */ = {isa = PBXBuildFile; productRef = 8D78A9D526ABFE90006F538D /* BottomSheetController */; };
		8D78A9D826ABFF23006F538D /* PostViewController.swift in Sources */ = {isa = PBXBuildFile; fileRef = 8D78A9D726ABFF23006F538D /* PostViewController.swift */; };
		8D873A6226A9FD8C00C82044 /* GoogleService-Info.plist in Resources */ = {isa = PBXBuildFile; fileRef = 8D873A6126A9FD8C00C82044 /* GoogleService-Info.plist */; };
		8D873A6426AA210D00C82044 /* RegisterViewController.swift in Sources */ = {isa = PBXBuildFile; fileRef = 8D873A6326AA210D00C82044 /* RegisterViewController.swift */; };
		8D873A6626AA9A8600C82044 /* UI + Extension.swift in Sources */ = {isa = PBXBuildFile; fileRef = 8D873A6526AA9A8600C82044 /* UI + Extension.swift */; };
		8D873A6826AA9AEE00C82044 /* DatabaseManager.swift in Sources */ = {isa = PBXBuildFile; fileRef = 8D873A6726AA9AEE00C82044 /* DatabaseManager.swift */; };
		8D873A6A26AA9B0700C82044 /* StorageManager.swift in Sources */ = {isa = PBXBuildFile; fileRef = 8D873A6926AA9B0700C82044 /* StorageManager.swift */; };
		8DD2169426A981E500D00E14 /* AppDelegate.swift in Sources */ = {isa = PBXBuildFile; fileRef = 8DD2169326A981E500D00E14 /* AppDelegate.swift */; };
		8DD2169626A981E500D00E14 /* SceneDelegate.swift in Sources */ = {isa = PBXBuildFile; fileRef = 8DD2169526A981E500D00E14 /* SceneDelegate.swift */; };
		8DD2169826A981E500D00E14 /* MainViewController.swift in Sources */ = {isa = PBXBuildFile; fileRef = 8DD2169726A981E500D00E14 /* MainViewController.swift */; };
		8DD2169B26A981E500D00E14 /* Main.storyboard in Resources */ = {isa = PBXBuildFile; fileRef = 8DD2169926A981E500D00E14 /* Main.storyboard */; };
		8DD2169D26A981E500D00E14 /* Assets.xcassets in Resources */ = {isa = PBXBuildFile; fileRef = 8DD2169C26A981E500D00E14 /* Assets.xcassets */; };
		8DD216A026A981E500D00E14 /* LaunchScreen.storyboard in Resources */ = {isa = PBXBuildFile; fileRef = 8DD2169E26A981E500D00E14 /* LaunchScreen.storyboard */; };
		8DD216A826A989F000D00E14 /* ProfileViewController.swift in Sources */ = {isa = PBXBuildFile; fileRef = 8DD216A726A989F000D00E14 /* ProfileViewController.swift */; };
		8DD216AA26A98E1600D00E14 /* LoginViewController.swift in Sources */ = {isa = PBXBuildFile; fileRef = 8DD216A926A98E1600D00E14 /* LoginViewController.swift */; };
		9471B418E264397A2FC6FEF5 /* Pods_demo1.framework in Frameworks */ = {isa = PBXBuildFile; fileRef = 799038A1FB43758EE56C927B /* Pods_demo1.framework */; };
/* End PBXBuildFile section */

/* Begin PBXFileReference section */
		477820BE2A7E3D480B1FC5A4 /* Pods-demo1.release.xcconfig */ = {isa = PBXFileReference; includeInIndex = 1; lastKnownFileType = text.xcconfig; name = "Pods-demo1.release.xcconfig"; path = "Target Support Files/Pods-demo1/Pods-demo1.release.xcconfig"; sourceTree = "<group>"; };
		640150FD8150C0CB787E55B4 /* Pods-demo1.debug.xcconfig */ = {isa = PBXFileReference; includeInIndex = 1; lastKnownFileType = text.xcconfig; name = "Pods-demo1.debug.xcconfig"; path = "Target Support Files/Pods-demo1/Pods-demo1.debug.xcconfig"; sourceTree = "<group>"; };
		799038A1FB43758EE56C927B /* Pods_demo1.framework */ = {isa = PBXFileReference; explicitFileType = wrapper.framework; includeInIndex = 0; path = Pods_demo1.framework; sourceTree = BUILT_PRODUCTS_DIR; };
		8D78A9D726ABFF23006F538D /* PostViewController.swift */ = {isa = PBXFileReference; lastKnownFileType = sourcecode.swift; path = PostViewController.swift; sourceTree = "<group>"; };
		8D873A6126A9FD8C00C82044 /* GoogleService-Info.plist */ = {isa = PBXFileReference; fileEncoding = 4; lastKnownFileType = text.plist.xml; path = "GoogleService-Info.plist"; sourceTree = "<group>"; };
		8D873A6326AA210D00C82044 /* RegisterViewController.swift */ = {isa = PBXFileReference; lastKnownFileType = sourcecode.swift; path = RegisterViewController.swift; sourceTree = "<group>"; };
		8D873A6526AA9A8600C82044 /* UI + Extension.swift */ = {isa = PBXFileReference; lastKnownFileType = sourcecode.swift; path = "UI + Extension.swift"; sourceTree = "<group>"; };
		8D873A6726AA9AEE00C82044 /* DatabaseManager.swift */ = {isa = PBXFileReference; lastKnownFileType = sourcecode.swift; path = DatabaseManager.swift; sourceTree = "<group>"; };
		8D873A6926AA9B0700C82044 /* StorageManager.swift */ = {isa = PBXFileReference; lastKnownFileType = sourcecode.swift; path = StorageManager.swift; sourceTree = "<group>"; };
		8DD2169026A981E500D00E14 /* demo1.app */ = {isa = PBXFileReference; explicitFileType = wrapper.application; includeInIndex = 0; path = demo1.app; sourceTree = BUILT_PRODUCTS_DIR; };
		8DD2169326A981E500D00E14 /* AppDelegate.swift */ = {isa = PBXFileReference; lastKnownFileType = sourcecode.swift; path = AppDelegate.swift; sourceTree = "<group>"; };
		8DD2169526A981E500D00E14 /* SceneDelegate.swift */ = {isa = PBXFileReference; lastKnownFileType = sourcecode.swift; path = SceneDelegate.swift; sourceTree = "<group>"; };
		8DD2169726A981E500D00E14 /* MainViewController.swift */ = {isa = PBXFileReference; lastKnownFileType = sourcecode.swift; path = MainViewController.swift; sourceTree = "<group>"; };
		8DD2169A26A981E500D00E14 /* Base */ = {isa = PBXFileReference; lastKnownFileType = file.storyboard; name = Base; path = Base.lproj/Main.storyboard; sourceTree = "<group>"; };
		8DD2169C26A981E500D00E14 /* Assets.xcassets */ = {isa = PBXFileReference; lastKnownFileType = folder.assetcatalog; path = Assets.xcassets; sourceTree = "<group>"; };
		8DD2169F26A981E500D00E14 /* Base */ = {isa = PBXFileReference; lastKnownFileType = file.storyboard; name = Base; path = Base.lproj/LaunchScreen.storyboard; sourceTree = "<group>"; };
		8DD216A126A981E500D00E14 /* Info.plist */ = {isa = PBXFileReference; lastKnownFileType = text.plist.xml; path = Info.plist; sourceTree = "<group>"; };
		8DD216A726A989F000D00E14 /* ProfileViewController.swift */ = {isa = PBXFileReference; lastKnownFileType = sourcecode.swift; path = ProfileViewController.swift; sourceTree = "<group>"; };
		8DD216A926A98E1600D00E14 /* LoginViewController.swift */ = {isa = PBXFileReference; lastKnownFileType = sourcecode.swift; path = LoginViewController.swift; sourceTree = "<group>"; };
/* End PBXFileReference section */

/* Begin PBXFrameworksBuildPhase section */
		8DD2168D26A981E500D00E14 /* Frameworks */ = {
			isa = PBXFrameworksBuildPhase;
			buildActionMask = 2147483647;
			files = (
				9471B418E264397A2FC6FEF5 /* Pods_demo1.framework in Frameworks */,
				8D78A9D626ABFE90006F538D /* BottomSheetController in Frameworks */,
			);
			runOnlyForDeploymentPostprocessing = 0;
		};
/* End PBXFrameworksBuildPhase section */

/* Begin PBXGroup section */
		5E9B4CD5B16B85D772F28DAC /* Frameworks */ = {
			isa = PBXGroup;
			children = (
				799038A1FB43758EE56C927B /* Pods_demo1.framework */,
			);
			name = Frameworks;
			sourceTree = "<group>";
		};
		8DD2168726A981E500D00E14 = {
			isa = PBXGroup;
			children = (
				8DD2169226A981E500D00E14 /* demo1 */,
				8DD2169126A981E500D00E14 /* Products */,
				98AC477271F97C3C70944AFB /* Pods */,
				5E9B4CD5B16B85D772F28DAC /* Frameworks */,
			);
			sourceTree = "<group>";
		};
		8DD2169126A981E500D00E14 /* Products */ = {
			isa = PBXGroup;
			children = (
				8DD2169026A981E500D00E14 /* demo1.app */,
			);
			name = Products;
			sourceTree = "<group>";
		};
		8DD2169226A981E500D00E14 /* demo1 */ = {
			isa = PBXGroup;
			children = (
				8D873A6126A9FD8C00C82044 /* GoogleService-Info.plist */,
				8DD2169326A981E500D00E14 /* AppDelegate.swift */,
				8DD2169526A981E500D00E14 /* SceneDelegate.swift */,
				8DD2169726A981E500D00E14 /* MainViewController.swift */,
				8DD2169926A981E500D00E14 /* Main.storyboard */,
				8DD2169C26A981E500D00E14 /* Assets.xcassets */,
				8DD2169E26A981E500D00E14 /* LaunchScreen.storyboard */,
				8DD216A126A981E500D00E14 /* Info.plist */,
				8DD216A726A989F000D00E14 /* ProfileViewController.swift */,
				8DD216A926A98E1600D00E14 /* LoginViewController.swift */,
				8D873A6326AA210D00C82044 /* RegisterViewController.swift */,
				8D873A6526AA9A8600C82044 /* UI + Extension.swift */,
				8D873A6726AA9AEE00C82044 /* DatabaseManager.swift */,
				8D873A6926AA9B0700C82044 /* StorageManager.swift */,
				8D78A9D726ABFF23006F538D /* PostViewController.swift */,
			);
			path = demo1;
			sourceTree = "<group>";
		};
		98AC477271F97C3C70944AFB /* Pods */ = {
			isa = PBXGroup;
			children = (
				640150FD8150C0CB787E55B4 /* Pods-demo1.debug.xcconfig */,
				477820BE2A7E3D480B1FC5A4 /* Pods-demo1.release.xcconfig */,
			);
			path = Pods;
			sourceTree = "<group>";
		};
/* End PBXGroup section */

/* Begin PBXNativeTarget section */
		8DD2168F26A981E500D00E14 /* demo1 */ = {
			isa = PBXNativeTarget;
			buildConfigurationList = 8DD216A426A981E500D00E14 /* Build configuration list for PBXNativeTarget "demo1" */;
			buildPhases = (
				57891AB9B14CE7F57E78976F /* [CP] Check Pods Manifest.lock */,
				8DD2168C26A981E500D00E14 /* Sources */,
				8DD2168D26A981E500D00E14 /* Frameworks */,
				8DD2168E26A981E500D00E14 /* Resources */,
				A3EA7E24CDD5CDF4220039CC /* [CP] Embed Pods Frameworks */,
			);
			buildRules = (
			);
			dependencies = (
			);
			name = demo1;
			packageProductDependencies = (
				8D78A9D526ABFE90006F538D /* BottomSheetController */,
			);
			productName = demo1;
			productReference = 8DD2169026A981E500D00E14 /* demo1.app */;
			productType = "com.apple.product-type.application";
		};
/* End PBXNativeTarget section */

/* Begin PBXProject section */
		8DD2168826A981E500D00E14 /* Project object */ = {
			isa = PBXProject;
			attributes = {
				LastSwiftUpdateCheck = 1250;
				LastUpgradeCheck = 1250;
				TargetAttributes = {
					8DD2168F26A981E500D00E14 = {
						CreatedOnToolsVersion = 12.5.1;
					};
				};
			};
			buildConfigurationList = 8DD2168B26A981E500D00E14 /* Build configuration list for PBXProject "demo1" */;
			compatibilityVersion = "Xcode 9.3";
			developmentRegion = en;
			hasScannedForEncodings = 0;
			knownRegions = (
				en,
				Base,
			);
			mainGroup = 8DD2168726A981E500D00E14;
			packageReferences = (
				8D78A9D426ABFE90006F538D /* XCRemoteSwiftPackageReference "BottomSheetController" */,
			);
			productRefGroup = 8DD2169126A981E500D00E14 /* Products */;
			projectDirPath = "";
			projectRoot = "";
			targets = (
				8DD2168F26A981E500D00E14 /* demo1 */,
			);
		};
/* End PBXProject section */

/* Begin PBXResourcesBuildPhase section */
		8DD2168E26A981E500D00E14 /* Resources */ = {
			isa = PBXResourcesBuildPhase;
			buildActionMask = 2147483647;
			files = (
				8DD216A026A981E500D00E14 /* LaunchScreen.storyboard in Resources */,
				8D873A6226A9FD8C00C82044 /* GoogleService-Info.plist in Resources */,
				8DD2169D26A981E500D00E14 /* Assets.xcassets in Resources */,
				8DD2169B26A981E500D00E14 /* Main.storyboard in Resources */,
			);
			runOnlyForDeploymentPostprocessing = 0;
		};
/* End PBXResourcesBuildPhase section */

/* Begin PBXShellScriptBuildPhase section */
		57891AB9B14CE7F57E78976F /* [CP] Check Pods Manifest.lock */ = {
			isa = PBXShellScriptBuildPhase;
			buildActionMask = 2147483647;
			files = (
			);
			inputFileListPaths = (
			);
			inputPaths = (
				"${PODS_PODFILE_DIR_PATH}/Podfile.lock",
				"${PODS_ROOT}/Manifest.lock",
			);
			name = "[CP] Check Pods Manifest.lock";
			outputFileListPaths = (
			);
			outputPaths = (
				"$(DERIVED_FILE_DIR)/Pods-demo1-checkManifestLockResult.txt",
			);
			runOnlyForDeploymentPostprocessing = 0;
			shellPath = /bin/sh;
			shellScript = "diff \"${PODS_PODFILE_DIR_PATH}/Podfile.lock\" \"${PODS_ROOT}/Manifest.lock\" > /dev/null\nif [ $? != 0 ] ; then\n    # print error to STDERR\n    echo \"error: The sandbox is not in sync with the Podfile.lock. Run 'pod install' or update your CocoaPods installation.\" >&2\n    exit 1\nfi\n# This output is used by Xcode 'outputs' to avoid re-running this script phase.\necho \"SUCCESS\" > \"${SCRIPT_OUTPUT_FILE_0}\"\n";
			showEnvVarsInLog = 0;
		};
		A3EA7E24CDD5CDF4220039CC /* [CP] Embed Pods Frameworks */ = {
			isa = PBXShellScriptBuildPhase;
			buildActionMask = 2147483647;
			files = (
			);
			inputFileListPaths = (
				"${PODS_ROOT}/Target Support Files/Pods-demo1/Pods-demo1-frameworks-${CONFIGURATION}-input-files.xcfilelist",
			);
			name = "[CP] Embed Pods Frameworks";
			outputFileListPaths = (
				"${PODS_ROOT}/Target Support Files/Pods-demo1/Pods-demo1-frameworks-${CONFIGURATION}-output-files.xcfilelist",
			);
			runOnlyForDeploymentPostprocessing = 0;
			shellPath = /bin/sh;
			shellScript = "\"${PODS_ROOT}/Target Support Files/Pods-demo1/Pods-demo1-frameworks.sh\"\n";
			showEnvVarsInLog = 0;
		};
/* End PBXShellScriptBuildPhase section */

/* Begin PBXSourcesBuildPhase section */
		8DD2168C26A981E500D00E14 /* Sources */ = {
			isa = PBXSourcesBuildPhase;
			buildActionMask = 2147483647;
			files = (
				8D873A6826AA9AEE00C82044 /* DatabaseManager.swift in Sources */,
				8DD2169826A981E500D00E14 /* MainViewController.swift in Sources */,
				8D873A6626AA9A8600C82044 /* UI + Extension.swift in Sources */,
				8D873A6A26AA9B0700C82044 /* StorageManager.swift in Sources */,
				8D78A9D826ABFF23006F538D /* PostViewController.swift in Sources */,
				8DD2169426A981E500D00E14 /* AppDelegate.swift in Sources */,
				8DD216A826A989F000D00E14 /* ProfileViewController.swift in Sources */,
				8D873A6426AA210D00C82044 /* RegisterViewController.swift in Sources */,
				8DD216AA26A98E1600D00E14 /* LoginViewController.swift in Sources */,
				8DD2169626A981E500D00E14 /* SceneDelegate.swift in Sources */,
			);
			runOnlyForDeploymentPostprocessing = 0;
		};
/* End PBXSourcesBuildPhase section */

/* Begin PBXVariantGroup section */
		8DD2169926A981E500D00E14 /* Main.storyboard */ = {
			isa = PBXVariantGroup;
			children = (
				8DD2169A26A981E500D00E14 /* Base */,
			);
			name = Main.storyboard;
			sourceTree = "<group>";
		};
		8DD2169E26A981E500D00E14 /* LaunchScreen.storyboard */ = {
			isa = PBXVariantGroup;
			children = (
				8DD2169F26A981E500D00E14 /* Base */,
			);
			name = LaunchScreen.storyboard;
			sourceTree = "<group>";
		};
/* End PBXVariantGroup section */

/* Begin XCBuildConfiguration section */
		8DD216A226A981E500D00E14 /* Debug */ = {
			isa = XCBuildConfiguration;
			buildSettings = {
				ALWAYS_SEARCH_USER_PATHS = NO;
				CLANG_ANALYZER_NONNULL = YES;
				CLANG_ANALYZER_NUMBER_OBJECT_CONVERSION = YES_AGGRESSIVE;
				CLANG_CXX_LANGUAGE_STANDARD = "gnu++14";
				CLANG_CXX_LIBRARY = "libc++";
				CLANG_ENABLE_MODULES = YES;
				CLANG_ENABLE_OBJC_ARC = YES;
				CLANG_ENABLE_OBJC_WEAK = YES;
				CLANG_WARN_BLOCK_CAPTURE_AUTORELEASING = YES;
				CLANG_WARN_BOOL_CONVERSION = YES;
				CLANG_WARN_COMMA = YES;
				CLANG_WARN_CONSTANT_CONVERSION = YES;
				CLANG_WARN_DEPRECATED_OBJC_IMPLEMENTATIONS = YES;
				CLANG_WARN_DIRECT_OBJC_ISA_USAGE = YES_ERROR;
				CLANG_WARN_DOCUMENTATION_COMMENTS = YES;
				CLANG_WARN_EMPTY_BODY = YES;
				CLANG_WARN_ENUM_CONVERSION = YES;
				CLANG_WARN_INFINITE_RECURSION = YES;
				CLANG_WARN_INT_CONVERSION = YES;
				CLANG_WARN_NON_LITERAL_NULL_CONVERSION = YES;
				CLANG_WARN_OBJC_IMPLICIT_RETAIN_SELF = YES;
				CLANG_WARN_OBJC_LITERAL_CONVERSION = YES;
				CLANG_WARN_OBJC_ROOT_CLASS = YES_ERROR;
				CLANG_WARN_QUOTED_INCLUDE_IN_FRAMEWORK_HEADER = YES;
				CLANG_WARN_RANGE_LOOP_ANALYSIS = YES;
				CLANG_WARN_STRICT_PROTOTYPES = YES;
				CLANG_WARN_SUSPICIOUS_MOVE = YES;
				CLANG_WARN_UNGUARDED_AVAILABILITY = YES_AGGRESSIVE;
				CLANG_WARN_UNREACHABLE_CODE = YES;
				CLANG_WARN__DUPLICATE_METHOD_MATCH = YES;
				COPY_PHASE_STRIP = NO;
				DEBUG_INFORMATION_FORMAT = dwarf;
				ENABLE_STRICT_OBJC_MSGSEND = YES;
				ENABLE_TESTABILITY = YES;
				GCC_C_LANGUAGE_STANDARD = gnu11;
				GCC_DYNAMIC_NO_PIC = NO;
				GCC_NO_COMMON_BLOCKS = YES;
				GCC_OPTIMIZATION_LEVEL = 0;
				GCC_PREPROCESSOR_DEFINITIONS = (
					"DEBUG=1",
					"$(inherited)",
				);
				GCC_WARN_64_TO_32_BIT_CONVERSION = YES;
				GCC_WARN_ABOUT_RETURN_TYPE = YES_ERROR;
				GCC_WARN_UNDECLARED_SELECTOR = YES;
				GCC_WARN_UNINITIALIZED_AUTOS = YES_AGGRESSIVE;
				GCC_WARN_UNUSED_FUNCTION = YES;
				GCC_WARN_UNUSED_VARIABLE = YES;
				IPHONEOS_DEPLOYMENT_TARGET = 14.5;
				MTL_ENABLE_DEBUG_INFO = INCLUDE_SOURCE;
				MTL_FAST_MATH = YES;
				ONLY_ACTIVE_ARCH = YES;
				SDKROOT = iphoneos;
				SWIFT_ACTIVE_COMPILATION_CONDITIONS = DEBUG;
				SWIFT_OPTIMIZATION_LEVEL = "-Onone";
			};
			name = Debug;
		};
		8DD216A326A981E500D00E14 /* Release */ = {
			isa = XCBuildConfiguration;
			buildSettings = {
				ALWAYS_SEARCH_USER_PATHS = NO;
				CLANG_ANALYZER_NONNULL = YES;
				CLANG_ANALYZER_NUMBER_OBJECT_CONVERSION = YES_AGGRESSIVE;
				CLANG_CXX_LANGUAGE_STANDARD = "gnu++14";
				CLANG_CXX_LIBRARY = "libc++";
				CLANG_ENABLE_MODULES = YES;
				CLANG_ENABLE_OBJC_ARC = YES;
				CLANG_ENABLE_OBJC_WEAK = YES;
				CLANG_WARN_BLOCK_CAPTURE_AUTORELEASING = YES;
				CLANG_WARN_BOOL_CONVERSION = YES;
				CLANG_WARN_COMMA = YES;
				CLANG_WARN_CONSTANT_CONVERSION = YES;
				CLANG_WARN_DEPRECATED_OBJC_IMPLEMENTATIONS = YES;
				CLANG_WARN_DIRECT_OBJC_ISA_USAGE = YES_ERROR;
				CLANG_WARN_DOCUMENTATION_COMMENTS = YES;
				CLANG_WARN_EMPTY_BODY = YES;
				CLANG_WARN_ENUM_CONVERSION = YES;
				CLANG_WARN_INFINITE_RECURSION = YES;
				CLANG_WARN_INT_CONVERSION = YES;
				CLANG_WARN_NON_LITERAL_NULL_CONVERSION = YES;
				CLANG_WARN_OBJC_IMPLICIT_RETAIN_SELF = YES;
				CLANG_WARN_OBJC_LITERAL_CONVERSION = YES;
				CLANG_WARN_OBJC_ROOT_CLASS = YES_ERROR;
				CLANG_WARN_QUOTED_INCLUDE_IN_FRAMEWORK_HEADER = YES;
				CLANG_WARN_RANGE_LOOP_ANALYSIS = YES;
				CLANG_WARN_STRICT_PROTOTYPES = YES;
				CLANG_WARN_SUSPICIOUS_MOVE = YES;
				CLANG_WARN_UNGUARDED_AVAILABILITY = YES_AGGRESSIVE;
				CLANG_WARN_UNREACHABLE_CODE = YES;
				CLANG_WARN__DUPLICATE_METHOD_MATCH = YES;
				COPY_PHASE_STRIP = NO;
				DEBUG_INFORMATION_FORMAT = "dwarf-with-dsym";
				ENABLE_NS_ASSERTIONS = NO;
				ENABLE_STRICT_OBJC_MSGSEND = YES;
				GCC_C_LANGUAGE_STANDARD = gnu11;
				GCC_NO_COMMON_BLOCKS = YES;
				GCC_WARN_64_TO_32_BIT_CONVERSION = YES;
				GCC_WARN_ABOUT_RETURN_TYPE = YES_ERROR;
				GCC_WARN_UNDECLARED_SELECTOR = YES;
				GCC_WARN_UNINITIALIZED_AUTOS = YES_AGGRESSIVE;
				GCC_WARN_UNUSED_FUNCTION = YES;
				GCC_WARN_UNUSED_VARIABLE = YES;
				IPHONEOS_DEPLOYMENT_TARGET = 14.5;
				MTL_ENABLE_DEBUG_INFO = NO;
				MTL_FAST_MATH = YES;
				SDKROOT = iphoneos;
				SWIFT_COMPILATION_MODE = wholemodule;
				SWIFT_OPTIMIZATION_LEVEL = "-O";
				VALIDATE_PRODUCT = YES;
			};
			name = Release;
		};
		8DD216A526A981E500D00E14 /* Debug */ = {
			isa = XCBuildConfiguration;
			baseConfigurationReference = 640150FD8150C0CB787E55B4 /* Pods-demo1.debug.xcconfig */;
			buildSettings = {
				ASSETCATALOG_COMPILER_APPICON_NAME = AppIcon;
				ASSETCATALOG_COMPILER_GLOBAL_ACCENT_COLOR_NAME = AccentColor;
				CODE_SIGN_STYLE = Automatic;
				DEVELOPMENT_TEAM = RMFRRSQ9CJ;
				INFOPLIST_FILE = demo1/Info.plist;
				LD_RUNPATH_SEARCH_PATHS = (
					"$(inherited)",
					"@executable_path/Frameworks",
				);
				PRODUCT_BUNDLE_IDENTIFIER = yuhsuan.demo1;
				PRODUCT_NAME = "$(TARGET_NAME)";
				SWIFT_VERSION = 5.0;
				TARGETED_DEVICE_FAMILY = "1,2";
			};
			name = Debug;
		};
		8DD216A626A981E500D00E14 /* Release */ = {
			isa = XCBuildConfiguration;
			baseConfigurationReference = 477820BE2A7E3D480B1FC5A4 /* Pods-demo1.release.xcconfig */;
			buildSettings = {
				ASSETCATALOG_COMPILER_APPICON_NAME = AppIcon;
				ASSETCATALOG_COMPILER_GLOBAL_ACCENT_COLOR_NAME = AccentColor;
				CODE_SIGN_STYLE = Automatic;
				DEVELOPMENT_TEAM = RMFRRSQ9CJ;
				INFOPLIST_FILE = demo1/Info.plist;
				LD_RUNPATH_SEARCH_PATHS = (
					"$(inherited)",
					"@executable_path/Frameworks",
				);
				PRODUCT_BUNDLE_IDENTIFIER = yuhsuan.demo1;
				PRODUCT_NAME = "$(TARGET_NAME)";
				SWIFT_VERSION = 5.0;
				TARGETED_DEVICE_FAMILY = "1,2";
			};
			name = Release;
		};
/* End XCBuildConfiguration section */

/* Begin XCConfigurationList section */
		8DD2168B26A981E500D00E14 /* Build configuration list for PBXProject "demo1" */ = {
			isa = XCConfigurationList;
			buildConfigurations = (
				8DD216A226A981E500D00E14 /* Debug */,
				8DD216A326A981E500D00E14 /* Release */,
			);
			defaultConfigurationIsVisible = 0;
			defaultConfigurationName = Release;
		};
		8DD216A426A981E500D00E14 /* Build configuration list for PBXNativeTarget "demo1" */ = {
			isa = XCConfigurationList;
			buildConfigurations = (
				8DD216A526A981E500D00E14 /* Debug */,
				8DD216A626A981E500D00E14 /* Release */,
			);
			defaultConfigurationIsVisible = 0;
			defaultConfigurationName = Release;
		};
/* End XCConfigurationList section */

/* Begin XCRemoteSwiftPackageReference section */
		8D78A9D426ABFE90006F538D /* XCRemoteSwiftPackageReference "BottomSheetController" */ = {
			isa = XCRemoteSwiftPackageReference;
			repositoryURL = "https://github.com/naru-jpn/BottomSheetController";
			requirement = {
				kind = upToNextMajorVersion;
				minimumVersion = 1.1.0;
			};
		};
/* End XCRemoteSwiftPackageReference section */

/* Begin XCSwiftPackageProductDependency section */
		8D78A9D526ABFE90006F538D /* BottomSheetController */ = {
			isa = XCSwiftPackageProductDependency;
			package = 8D78A9D426ABFE90006F538D /* XCRemoteSwiftPackageReference "BottomSheetController" */;
			productName = BottomSheetController;
		};
/* End XCSwiftPackageProductDependency section */
	};
	rootObject = 8DD2168826A981E500D00E14 /* Project object */;
}
